
Microsoft Visual Studio Solution File, Format Version 12.00
# Visual Studio Version 17
VisualStudioVersion = 17.4.33205.214
MinimumVisualStudioVersion = 10.0.40219.1
Project("{9A19103F-16F7-4668-BE54-9A1E7A4F7556}") = "AppIntegConexionApi", "AppIntegConexionApi\AppIntegConexionApi.csproj", "{47A1EB35-E866-478B-AE21-08AB1303160C}"
EndProject
Project("{FAE04EC0-301F-11D3-BF4B-00C04F79EFBC}") = "AppIntegConexionCore", "AppIntegConexionCore\AppIntegConexionCore.csproj", "{F998C7C2-024B-42D6-A0BA-7A4E40FBF7FC}"
EndProject
Project("{2150E333-8FDC-42A3-9474-1A3956D46DE8}") = "Solution Items", "Solution Items", "{3CE7E986-B7B9-43A5-B09C-FFCD17561035}"
	ProjectSection(SolutionItems) = preProject
		.editorconfig = .editorconfig
	EndProjectSection
EndProject
Global
	GlobalSection(SolutionConfigurationPlatforms) = preSolution
		Debug|Any CPU = Debug|Any CPU
		Release|Any CPU = Release|Any CPU
	EndGlobalSection
	GlobalSection(ProjectConfigurationPlatforms) = postSolution
		{47A1EB35-E866-478B-AE21-08AB1303160C}.Debug|Any CPU.ActiveCfg = Debug|Any CPU
		{47A1EB35-E866-478B-AE21-08AB1303160C}.Debug|Any CPU.Build.0 = Debug|Any CPU
		{47A1EB35-E866-478B-AE21-08AB1303160C}.Release|Any CPU.ActiveCfg = Release|Any CPU
		{47A1EB35-E866-478B-AE21-08AB1303160C}.Release|Any CPU.Build.0 = Release|Any CPU
		{F998C7C2-024B-42D6-A0BA-7A4E40FBF7FC}.Debug|Any CPU.ActiveCfg = Debug|Any CPU
		{F998C7C2-024B-42D6-A0BA-7A4E40FBF7FC}.Debug|Any CPU.Build.0 = Debug|Any CPU
		{F998C7C2-024B-42D6-A0BA-7A4E40FBF7FC}.Release|Any CPU.ActiveCfg = Release|Any CPU
		{F998C7C2-024B-42D6-A0BA-7A4E40FBF7FC}.Release|Any CPU.Build.0 = Release|Any CPU
	EndGlobalSection
	GlobalSection(SolutionProperties) = preSolution
		HideSolutionNode = FALSE
	EndGlobalSection
	GlobalSection(ExtensibilityGlobals) = postSolution
		SolutionGuid = {23359AEB-7783-493B-8DF5-DCB302DF30B1}
	EndGlobalSection
EndGlobal
